
Microsoft Visual Studio Solution File, Format Version 12.00
# Visual Studio 15
VisualStudioVersion = 15.0.26430.13
MinimumVisualStudioVersion = 10.0.40219.1
Project("{2150E333-8FDC-42A3-9474-1A3956D46DE8}") = "1 - Presentation", "1 - Presentation", "{4CCD63F4-3D2C-416C-940D-1F1256258661}"
EndProject
Project("{2150E333-8FDC-42A3-9474-1A3956D46DE8}") = "3 - Data", "3 - Data", "{8E89212B-DCC0-4C82-BD05-B6AD83F1F06A}"
EndProject
Project("{2150E333-8FDC-42A3-9474-1A3956D46DE8}") = "4 - Infrastructure", "4 - Infrastructure", "{5C2E6843-9D03-480D-BCE2-16D131D162C2}"
EndProject
Project("{2150E333-8FDC-42A3-9474-1A3956D46DE8}") = "2 - Application", "2 - Application", "{71109780-EEEB-4A41-879F-3375AD43C3C1}"
EndProject
Project("{FAE04EC0-301F-11D3-BF4B-00C04F79EFBC}") = "Presentation.API", "src\Presentation.API\Presentation.API.csproj", "{615CC71F-3BB1-4926-A797-99A7190E20EC}"
EndProject
Project("{FAE04EC0-301F-11D3-BF4B-00C04F79EFBC}") = "Presentation.CommandHandler", "src\Presentation.CommandHandler\Presentation.CommandHandler.csproj", "{DEBB2AAE-BD04-4972-9DC2-E11974F270B0}"
EndProject
Project("{FAE04EC0-301F-11D3-BF4B-00C04F79EFBC}") = "Application.Core", "src\Application.Core\Application.Core.csproj", "{308A2A6E-49A5-461B-82B7-65F94DF9E3D6}"
EndProject
Project("{FAE04EC0-301F-11D3-BF4B-00C04F79EFBC}") = "Data.Queries", "src\Data.Queries\Data.Queries.csproj", "{4FCBB5A0-F998-4255-9229-717F8B95D09D}"
EndProject
Project("{FAE04EC0-301F-11D3-BF4B-00C04F79EFBC}") = "Data.Commands", "src\Data.Commands\Data.Commands.csproj", "{4261DEEF-3FA4-403E-8C01-8F45E4FE6D16}"
EndProject
Project("{FAE04EC0-301F-11D3-BF4B-00C04F79EFBC}") = "Infrastructure.CrossCutting", "src\Infrastructure.CrossCutting\Infrastructure.CrossCutting.csproj", "{A52EBDAA-D6D7-4ADC-9AC0-1341657C3627}"
EndProject
Project("{2150E333-8FDC-42A3-9474-1A3956D46DE8}") = "Tests", "Tests", "{99553ED6-0A44-42F0-822E-144B164129C4}"
EndProject
Project("{2150E333-8FDC-42A3-9474-1A3956D46DE8}") = "Tests", "Tests", "{77EA730C-8638-4CDE-A31B-B26F389E6F91}"
EndProject
Project("{2150E333-8FDC-42A3-9474-1A3956D46DE8}") = "Tests", "Tests", "{A315C3F4-908B-4CD1-B7D0-62FE8D3E1CC0}"
EndProject
Project("{FAE04EC0-301F-11D3-BF4B-00C04F79EFBC}") = "Presentation.CommandHandler.Tests", "test\Presentation.CommandHandler.Tests\Presentation.CommandHandler.Tests.csproj", "{C8499648-364D-4196-99F2-AD4E882B5968}"
EndProject
Project("{FAE04EC0-301F-11D3-BF4B-00C04F79EFBC}") = "Application.Core.Tests", "test\Application.Core.Tests\Application.Core.Tests.csproj", "{47A639CD-684E-4537-B290-3066314A45A2}"
EndProject
Project("{FAE04EC0-301F-11D3-BF4B-00C04F79EFBC}") = "Data.Commands.Tests", "test\Data.Commands.Tests\Data.Commands.Tests.csproj", "{CD55AF28-882D-47A8-B240-401DB6B7FD0C}"
EndProject
Project("{FAE04EC0-301F-11D3-BF4B-00C04F79EFBC}") = "Data.Queries.Tests", "test\Data.Queries.Tests\Data.Queries.Tests.csproj", "{E161ABC1-C1F1-45D4-9810-D3614E26B04C}"
EndProject
Project("{FAE04EC0-301F-11D3-BF4B-00C04F79EFBC}") = "Presentation.API.Tests", "test\Presentation.API.Tests\Presentation.API.Tests.csproj", "{1366E424-5EAE-4A2E-998F-DF358422B6D4}"
EndProject
Global
	GlobalSection(SolutionConfigurationPlatforms) = preSolution
		Debug|Any CPU = Debug|Any CPU
		Release|Any CPU = Release|Any CPU
	EndGlobalSection
	GlobalSection(ProjectConfigurationPlatforms) = postSolution
		{615CC71F-3BB1-4926-A797-99A7190E20EC}.Debug|Any CPU.ActiveCfg = Debug|Any CPU
		{615CC71F-3BB1-4926-A797-99A7190E20EC}.Debug|Any CPU.Build.0 = Debug|Any CPU
		{615CC71F-3BB1-4926-A797-99A7190E20EC}.Release|Any CPU.ActiveCfg = Release|Any CPU
		{615CC71F-3BB1-4926-A797-99A7190E20EC}.Release|Any CPU.Build.0 = Release|Any CPU
		{DEBB2AAE-BD04-4972-9DC2-E11974F270B0}.Debug|Any CPU.ActiveCfg = Debug|Any CPU
		{DEBB2AAE-BD04-4972-9DC2-E11974F270B0}.Debug|Any CPU.Build.0 = Debug|Any CPU
		{DEBB2AAE-BD04-4972-9DC2-E11974F270B0}.Release|Any CPU.ActiveCfg = Release|Any CPU
		{DEBB2AAE-BD04-4972-9DC2-E11974F270B0}.Release|Any CPU.Build.0 = Release|Any CPU
		{308A2A6E-49A5-461B-82B7-65F94DF9E3D6}.Debug|Any CPU.ActiveCfg = Debug|Any CPU
		{308A2A6E-49A5-461B-82B7-65F94DF9E3D6}.Debug|Any CPU.Build.0 = Debug|Any CPU
		{308A2A6E-49A5-461B-82B7-65F94DF9E3D6}.Release|Any CPU.ActiveCfg = Release|Any CPU
		{308A2A6E-49A5-461B-82B7-65F94DF9E3D6}.Release|Any CPU.Build.0 = Release|Any CPU
		{4FCBB5A0-F998-4255-9229-717F8B95D09D}.Debug|Any CPU.ActiveCfg = Debug|Any CPU
		{4FCBB5A0-F998-4255-9229-717F8B95D09D}.Debug|Any CPU.Build.0 = Debug|Any CPU
		{4FCBB5A0-F998-4255-9229-717F8B95D09D}.Release|Any CPU.ActiveCfg = Release|Any CPU
		{4FCBB5A0-F998-4255-9229-717F8B95D09D}.Release|Any CPU.Build.0 = Release|Any CPU
		{4261DEEF-3FA4-403E-8C01-8F45E4FE6D16}.Debug|Any CPU.ActiveCfg = Debug|Any CPU
		{4261DEEF-3FA4-403E-8C01-8F45E4FE6D16}.Debug|Any CPU.Build.0 = Debug|Any CPU
		{4261DEEF-3FA4-403E-8C01-8F45E4FE6D16}.Release|Any CPU.ActiveCfg = Release|Any CPU
		{4261DEEF-3FA4-403E-8C01-8F45E4FE6D16}.Release|Any CPU.Build.0 = Release|Any CPU
		{A52EBDAA-D6D7-4ADC-9AC0-1341657C3627}.Debug|Any CPU.ActiveCfg = Debug|Any CPU
		{A52EBDAA-D6D7-4ADC-9AC0-1341657C3627}.Debug|Any CPU.Build.0 = Debug|Any CPU
		{A52EBDAA-D6D7-4ADC-9AC0-1341657C3627}.Release|Any CPU.ActiveCfg = Release|Any CPU
		{A52EBDAA-D6D7-4ADC-9AC0-1341657C3627}.Release|Any CPU.Build.0 = Release|Any CPU
		{C8499648-364D-4196-99F2-AD4E882B5968}.Debug|Any CPU.ActiveCfg = Debug|Any CPU
		{C8499648-364D-4196-99F2-AD4E882B5968}.Debug|Any CPU.Build.0 = Debug|Any CPU
		{C8499648-364D-4196-99F2-AD4E882B5968}.Release|Any CPU.ActiveCfg = Release|Any CPU
		{C8499648-364D-4196-99F2-AD4E882B5968}.Release|Any CPU.Build.0 = Release|Any CPU
		{47A639CD-684E-4537-B290-3066314A45A2}.Debug|Any CPU.ActiveCfg = Debug|Any CPU
		{47A639CD-684E-4537-B290-3066314A45A2}.Debug|Any CPU.Build.0 = Debug|Any CPU
		{47A639CD-684E-4537-B290-3066314A45A2}.Release|Any CPU.ActiveCfg = Release|Any CPU
		{47A639CD-684E-4537-B290-3066314A45A2}.Release|Any CPU.Build.0 = Release|Any CPU
		{CD55AF28-882D-47A8-B240-401DB6B7FD0C}.Debug|Any CPU.ActiveCfg = Debug|Any CPU
		{CD55AF28-882D-47A8-B240-401DB6B7FD0C}.Debug|Any CPU.Build.0 = Debug|Any CPU
		{CD55AF28-882D-47A8-B240-401DB6B7FD0C}.Release|Any CPU.ActiveCfg = Release|Any CPU
		{CD55AF28-882D-47A8-B240-401DB6B7FD0C}.Release|Any CPU.Build.0 = Release|Any CPU
		{E161ABC1-C1F1-45D4-9810-D3614E26B04C}.Debug|Any CPU.ActiveCfg = Debug|Any CPU
		{E161ABC1-C1F1-45D4-9810-D3614E26B04C}.Debug|Any CPU.Build.0 = Debug|Any CPU
		{E161ABC1-C1F1-45D4-9810-D3614E26B04C}.Release|Any CPU.ActiveCfg = Release|Any CPU
		{E161ABC1-C1F1-45D4-9810-D3614E26B04C}.Release|Any CPU.Build.0 = Release|Any CPU
		{1366E424-5EAE-4A2E-998F-DF358422B6D4}.Debug|Any CPU.ActiveCfg = Debug|Any CPU
		{1366E424-5EAE-4A2E-998F-DF358422B6D4}.Debug|Any CPU.Build.0 = Debug|Any CPU
		{1366E424-5EAE-4A2E-998F-DF358422B6D4}.Release|Any CPU.ActiveCfg = Release|Any CPU
		{1366E424-5EAE-4A2E-998F-DF358422B6D4}.Release|Any CPU.Build.0 = Release|Any CPU
	EndGlobalSection
	GlobalSection(SolutionProperties) = preSolution
		HideSolutionNode = FALSE
	EndGlobalSection
	GlobalSection(NestedProjects) = preSolution
		{615CC71F-3BB1-4926-A797-99A7190E20EC} = {4CCD63F4-3D2C-416C-940D-1F1256258661}
		{DEBB2AAE-BD04-4972-9DC2-E11974F270B0} = {4CCD63F4-3D2C-416C-940D-1F1256258661}
		{308A2A6E-49A5-461B-82B7-65F94DF9E3D6} = {71109780-EEEB-4A41-879F-3375AD43C3C1}
		{4FCBB5A0-F998-4255-9229-717F8B95D09D} = {8E89212B-DCC0-4C82-BD05-B6AD83F1F06A}
		{4261DEEF-3FA4-403E-8C01-8F45E4FE6D16} = {8E89212B-DCC0-4C82-BD05-B6AD83F1F06A}
		{A52EBDAA-D6D7-4ADC-9AC0-1341657C3627} = {5C2E6843-9D03-480D-BCE2-16D131D162C2}
		{99553ED6-0A44-42F0-822E-144B164129C4} = {8E89212B-DCC0-4C82-BD05-B6AD83F1F06A}
		{77EA730C-8638-4CDE-A31B-B26F389E6F91} = {71109780-EEEB-4A41-879F-3375AD43C3C1}
		{A315C3F4-908B-4CD1-B7D0-62FE8D3E1CC0} = {4CCD63F4-3D2C-416C-940D-1F1256258661}
		{C8499648-364D-4196-99F2-AD4E882B5968} = {A315C3F4-908B-4CD1-B7D0-62FE8D3E1CC0}
		{47A639CD-684E-4537-B290-3066314A45A2} = {77EA730C-8638-4CDE-A31B-B26F389E6F91}
		{CD55AF28-882D-47A8-B240-401DB6B7FD0C} = {99553ED6-0A44-42F0-822E-144B164129C4}
		{E161ABC1-C1F1-45D4-9810-D3614E26B04C} = {99553ED6-0A44-42F0-822E-144B164129C4}
		{1366E424-5EAE-4A2E-998F-DF358422B6D4} = {A315C3F4-908B-4CD1-B7D0-62FE8D3E1CC0}
	EndGlobalSection
EndGlobal
