
Microsoft Visual Studio Solution File, Format Version 12.00
# Visual Studio 15
VisualStudioVersion = 15.0.26430.15
MinimumVisualStudioVersion = 10.0.40219.1
Project("{2150E333-8FDC-42A3-9474-1A3956D46DE8}") = "1 - Presentation", "1 - Presentation", "{4CCD63F4-3D2C-416C-940D-1F1256258661}"
EndProject
Project("{2150E333-8FDC-42A3-9474-1A3956D46DE8}") = "3 - Data", "3 - Data", "{8E89212B-DCC0-4C82-BD05-B6AD83F1F06A}"
EndProject
Project("{2150E333-8FDC-42A3-9474-1A3956D46DE8}") = "4 - Infrastructure", "4 - Infrastructure", "{5C2E6843-9D03-480D-BCE2-16D131D162C2}"
EndProject
Project("{2150E333-8FDC-42A3-9474-1A3956D46DE8}") = "2 - Application", "2 - Application", "{71109780-EEEB-4A41-879F-3375AD43C3C1}"
EndProject
Project("{9A19103F-16F7-4668-BE54-9A1E7A4F7556}") = "Presentation.API", "src\Presentation.API\Presentation.API.csproj", "{615CC71F-3BB1-4926-A797-99A7190E20EC}"
EndProject
Project("{9A19103F-16F7-4668-BE54-9A1E7A4F7556}") = "Presentation.CommandHandler", "src\Presentation.CommandHandler\Presentation.CommandHandler.csproj", "{DEBB2AAE-BD04-4972-9DC2-E11974F270B0}"
EndProject
Project("{9A19103F-16F7-4668-BE54-9A1E7A4F7556}") = "Data.Queries", "src\Data.Queries\Data.Queries.csproj", "{4FCBB5A0-F998-4255-9229-717F8B95D09D}"
EndProject
Project("{9A19103F-16F7-4668-BE54-9A1E7A4F7556}") = "Data.Commands", "src\Data.Commands\Data.Commands.csproj", "{4261DEEF-3FA4-403E-8C01-8F45E4FE6D16}"
EndProject
Project("{9A19103F-16F7-4668-BE54-9A1E7A4F7556}") = "Infrastructure.CrossCutting", "src\Infrastructure.CrossCutting\Infrastructure.CrossCutting.csproj", "{A52EBDAA-D6D7-4ADC-9AC0-1341657C3627}"
EndProject
Project("{2150E333-8FDC-42A3-9474-1A3956D46DE8}") = "Tests", "Tests", "{99553ED6-0A44-42F0-822E-144B164129C4}"
EndProject
Project("{2150E333-8FDC-42A3-9474-1A3956D46DE8}") = "Tests", "Tests", "{77EA730C-8638-4CDE-A31B-B26F389E6F91}"
EndProject
Project("{2150E333-8FDC-42A3-9474-1A3956D46DE8}") = "Tests", "Tests", "{A315C3F4-908B-4CD1-B7D0-62FE8D3E1CC0}"
EndProject
Project("{9A19103F-16F7-4668-BE54-9A1E7A4F7556}") = "Presentation.API.Tests", "test\unit\Presentation.API.Tests\Presentation.API.Tests.csproj", "{8E160EC9-9665-450A-9E69-D6B1CD2D700F}"
EndProject
Project("{9A19103F-16F7-4668-BE54-9A1E7A4F7556}") = "Presentation.CommandHandler.Tests", "test\unit\Presentation.CommandHandler.Tests\Presentation.CommandHandler.Tests.csproj", "{301E9418-90C0-47EA-9731-9374CCA5F1D2}"
EndProject
Project("{9A19103F-16F7-4668-BE54-9A1E7A4F7556}") = "Data.Commands.Tests", "test\unit\Data.Commands.Tests\Data.Commands.Tests.csproj", "{8486FA36-CCEB-4E2A-8024-29ED691C1645}"
EndProject
Project("{9A19103F-16F7-4668-BE54-9A1E7A4F7556}") = "Data.Queries.Tests", "test\unit\Data.Queries.Tests\Data.Queries.Tests.csproj", "{2102DCB6-A98E-456E-B0CA-8C34CF878B70}"
EndProject
Project("{FAE04EC0-301F-11D3-BF4B-00C04F79EFBC}") = "Application.Queries", "src\Application.Queries\Application.Queries.csproj", "{F84A8272-FBAE-4DA0-8D04-8CB3C43FDED5}"
EndProject
Project("{FAE04EC0-301F-11D3-BF4B-00C04F79EFBC}") = "Application.Commands", "src\Application.Commands\Application.Commands.csproj", "{8A8D9AEE-AC9E-401B-BD1A-9708DFBA7F2E}"
EndProject
Project("{FAE04EC0-301F-11D3-BF4B-00C04F79EFBC}") = "Application.Queries.Tests", "test\unit\Application.Queries.Tests\Application.Queries.Tests.csproj", "{34B35351-DB9C-45D3-BAFC-7ACDA96127A5}"
EndProject
Project("{FAE04EC0-301F-11D3-BF4B-00C04F79EFBC}") = "Application.Commands.Tests", "test\unit\Application.Commands.Tests\Application.Commands.Tests.csproj", "{2ECE5CF7-C64F-4952-82C9-B28D4F00127C}"
EndProject
Global
	GlobalSection(SolutionConfigurationPlatforms) = preSolution
		Debug|Any CPU = Debug|Any CPU
		Release|Any CPU = Release|Any CPU
	EndGlobalSection
	GlobalSection(ProjectConfigurationPlatforms) = postSolution
		{615CC71F-3BB1-4926-A797-99A7190E20EC}.Debug|Any CPU.ActiveCfg = Debug|Any CPU
		{615CC71F-3BB1-4926-A797-99A7190E20EC}.Debug|Any CPU.Build.0 = Debug|Any CPU
		{615CC71F-3BB1-4926-A797-99A7190E20EC}.Release|Any CPU.ActiveCfg = Release|Any CPU
		{615CC71F-3BB1-4926-A797-99A7190E20EC}.Release|Any CPU.Build.0 = Release|Any CPU
		{DEBB2AAE-BD04-4972-9DC2-E11974F270B0}.Debug|Any CPU.ActiveCfg = Debug|Any CPU
		{DEBB2AAE-BD04-4972-9DC2-E11974F270B0}.Debug|Any CPU.Build.0 = Debug|Any CPU
		{DEBB2AAE-BD04-4972-9DC2-E11974F270B0}.Release|Any CPU.ActiveCfg = Release|Any CPU
		{DEBB2AAE-BD04-4972-9DC2-E11974F270B0}.Release|Any CPU.Build.0 = Release|Any CPU
		{4FCBB5A0-F998-4255-9229-717F8B95D09D}.Debug|Any CPU.ActiveCfg = Debug|Any CPU
		{4FCBB5A0-F998-4255-9229-717F8B95D09D}.Debug|Any CPU.Build.0 = Debug|Any CPU
		{4FCBB5A0-F998-4255-9229-717F8B95D09D}.Release|Any CPU.ActiveCfg = Release|Any CPU
		{4FCBB5A0-F998-4255-9229-717F8B95D09D}.Release|Any CPU.Build.0 = Release|Any CPU
		{4261DEEF-3FA4-403E-8C01-8F45E4FE6D16}.Debug|Any CPU.ActiveCfg = Debug|Any CPU
		{4261DEEF-3FA4-403E-8C01-8F45E4FE6D16}.Debug|Any CPU.Build.0 = Debug|Any CPU
		{4261DEEF-3FA4-403E-8C01-8F45E4FE6D16}.Release|Any CPU.ActiveCfg = Release|Any CPU
		{4261DEEF-3FA4-403E-8C01-8F45E4FE6D16}.Release|Any CPU.Build.0 = Release|Any CPU
		{A52EBDAA-D6D7-4ADC-9AC0-1341657C3627}.Debug|Any CPU.ActiveCfg = Debug|Any CPU
		{A52EBDAA-D6D7-4ADC-9AC0-1341657C3627}.Debug|Any CPU.Build.0 = Debug|Any CPU
		{A52EBDAA-D6D7-4ADC-9AC0-1341657C3627}.Release|Any CPU.ActiveCfg = Release|Any CPU
		{A52EBDAA-D6D7-4ADC-9AC0-1341657C3627}.Release|Any CPU.Build.0 = Release|Any CPU
		{8E160EC9-9665-450A-9E69-D6B1CD2D700F}.Debug|Any CPU.ActiveCfg = Debug|Any CPU
		{8E160EC9-9665-450A-9E69-D6B1CD2D700F}.Debug|Any CPU.Build.0 = Debug|Any CPU
		{8E160EC9-9665-450A-9E69-D6B1CD2D700F}.Release|Any CPU.ActiveCfg = Release|Any CPU
		{8E160EC9-9665-450A-9E69-D6B1CD2D700F}.Release|Any CPU.Build.0 = Release|Any CPU
		{301E9418-90C0-47EA-9731-9374CCA5F1D2}.Debug|Any CPU.ActiveCfg = Debug|Any CPU
		{301E9418-90C0-47EA-9731-9374CCA5F1D2}.Debug|Any CPU.Build.0 = Debug|Any CPU
		{301E9418-90C0-47EA-9731-9374CCA5F1D2}.Release|Any CPU.ActiveCfg = Release|Any CPU
		{301E9418-90C0-47EA-9731-9374CCA5F1D2}.Release|Any CPU.Build.0 = Release|Any CPU
		{8486FA36-CCEB-4E2A-8024-29ED691C1645}.Debug|Any CPU.ActiveCfg = Debug|Any CPU
		{8486FA36-CCEB-4E2A-8024-29ED691C1645}.Debug|Any CPU.Build.0 = Debug|Any CPU
		{8486FA36-CCEB-4E2A-8024-29ED691C1645}.Release|Any CPU.ActiveCfg = Release|Any CPU
		{8486FA36-CCEB-4E2A-8024-29ED691C1645}.Release|Any CPU.Build.0 = Release|Any CPU
		{2102DCB6-A98E-456E-B0CA-8C34CF878B70}.Debug|Any CPU.ActiveCfg = Debug|Any CPU
		{2102DCB6-A98E-456E-B0CA-8C34CF878B70}.Debug|Any CPU.Build.0 = Debug|Any CPU
		{2102DCB6-A98E-456E-B0CA-8C34CF878B70}.Release|Any CPU.ActiveCfg = Release|Any CPU
		{2102DCB6-A98E-456E-B0CA-8C34CF878B70}.Release|Any CPU.Build.0 = Release|Any CPU
		{F84A8272-FBAE-4DA0-8D04-8CB3C43FDED5}.Debug|Any CPU.ActiveCfg = Debug|Any CPU
		{F84A8272-FBAE-4DA0-8D04-8CB3C43FDED5}.Debug|Any CPU.Build.0 = Debug|Any CPU
		{F84A8272-FBAE-4DA0-8D04-8CB3C43FDED5}.Release|Any CPU.ActiveCfg = Release|Any CPU
		{F84A8272-FBAE-4DA0-8D04-8CB3C43FDED5}.Release|Any CPU.Build.0 = Release|Any CPU
		{8A8D9AEE-AC9E-401B-BD1A-9708DFBA7F2E}.Debug|Any CPU.ActiveCfg = Debug|Any CPU
		{8A8D9AEE-AC9E-401B-BD1A-9708DFBA7F2E}.Debug|Any CPU.Build.0 = Debug|Any CPU
		{8A8D9AEE-AC9E-401B-BD1A-9708DFBA7F2E}.Release|Any CPU.ActiveCfg = Release|Any CPU
		{8A8D9AEE-AC9E-401B-BD1A-9708DFBA7F2E}.Release|Any CPU.Build.0 = Release|Any CPU
		{34B35351-DB9C-45D3-BAFC-7ACDA96127A5}.Debug|Any CPU.ActiveCfg = Debug|Any CPU
		{34B35351-DB9C-45D3-BAFC-7ACDA96127A5}.Debug|Any CPU.Build.0 = Debug|Any CPU
		{34B35351-DB9C-45D3-BAFC-7ACDA96127A5}.Release|Any CPU.ActiveCfg = Release|Any CPU
		{34B35351-DB9C-45D3-BAFC-7ACDA96127A5}.Release|Any CPU.Build.0 = Release|Any CPU
		{2ECE5CF7-C64F-4952-82C9-B28D4F00127C}.Debug|Any CPU.ActiveCfg = Debug|Any CPU
		{2ECE5CF7-C64F-4952-82C9-B28D4F00127C}.Debug|Any CPU.Build.0 = Debug|Any CPU
		{2ECE5CF7-C64F-4952-82C9-B28D4F00127C}.Release|Any CPU.ActiveCfg = Release|Any CPU
		{2ECE5CF7-C64F-4952-82C9-B28D4F00127C}.Release|Any CPU.Build.0 = Release|Any CPU
	EndGlobalSection
	GlobalSection(SolutionProperties) = preSolution
		HideSolutionNode = FALSE
	EndGlobalSection
	GlobalSection(NestedProjects) = preSolution
		{615CC71F-3BB1-4926-A797-99A7190E20EC} = {4CCD63F4-3D2C-416C-940D-1F1256258661}
		{DEBB2AAE-BD04-4972-9DC2-E11974F270B0} = {4CCD63F4-3D2C-416C-940D-1F1256258661}
		{4FCBB5A0-F998-4255-9229-717F8B95D09D} = {8E89212B-DCC0-4C82-BD05-B6AD83F1F06A}
		{4261DEEF-3FA4-403E-8C01-8F45E4FE6D16} = {8E89212B-DCC0-4C82-BD05-B6AD83F1F06A}
		{A52EBDAA-D6D7-4ADC-9AC0-1341657C3627} = {5C2E6843-9D03-480D-BCE2-16D131D162C2}
		{99553ED6-0A44-42F0-822E-144B164129C4} = {8E89212B-DCC0-4C82-BD05-B6AD83F1F06A}
		{77EA730C-8638-4CDE-A31B-B26F389E6F91} = {71109780-EEEB-4A41-879F-3375AD43C3C1}
		{A315C3F4-908B-4CD1-B7D0-62FE8D3E1CC0} = {4CCD63F4-3D2C-416C-940D-1F1256258661}
		{8E160EC9-9665-450A-9E69-D6B1CD2D700F} = {A315C3F4-908B-4CD1-B7D0-62FE8D3E1CC0}
		{301E9418-90C0-47EA-9731-9374CCA5F1D2} = {A315C3F4-908B-4CD1-B7D0-62FE8D3E1CC0}
		{8486FA36-CCEB-4E2A-8024-29ED691C1645} = {99553ED6-0A44-42F0-822E-144B164129C4}
		{2102DCB6-A98E-456E-B0CA-8C34CF878B70} = {99553ED6-0A44-42F0-822E-144B164129C4}
		{F84A8272-FBAE-4DA0-8D04-8CB3C43FDED5} = {71109780-EEEB-4A41-879F-3375AD43C3C1}
		{8A8D9AEE-AC9E-401B-BD1A-9708DFBA7F2E} = {71109780-EEEB-4A41-879F-3375AD43C3C1}
		{34B35351-DB9C-45D3-BAFC-7ACDA96127A5} = {77EA730C-8638-4CDE-A31B-B26F389E6F91}
		{2ECE5CF7-C64F-4952-82C9-B28D4F00127C} = {77EA730C-8638-4CDE-A31B-B26F389E6F91}
	EndGlobalSection
EndGlobal
